{
  "name": "filecoin-ql",
  "version": "0.0.1",
  "lockfileVersion": 1,
  "requires": true,
  "dependencies": {
    "async-iterator-to-stream": {
      "version": "1.1.0",
      "resolved": "https://registry.npmjs.org/async-iterator-to-stream/-/async-iterator-to-stream-1.1.0.tgz",
      "integrity": "sha512-ddF3u7ipixenFJsYCKqVR9tNdkIzd2j7JVg8QarqkfUl7UTR7nhJgc1Q+3ebP/5DNFhV9Co9F47FJjGpdc0PjQ==",
      "requires": {
        "readable-stream": "^3.0.5"
      }
    },
    "asynckit": {
      "version": "0.4.0",
      "resolved": "https://registry.npmjs.org/asynckit/-/asynckit-0.4.0.tgz",
      "integrity": "sha1-x57Zf380y48robyXkLzDZkdLS3k="
    },
    "base-x": {
      "version": "3.0.4",
      "resolved": "https://registry.npmjs.org/base-x/-/base-x-3.0.4.tgz",
      "integrity": "sha512-UYOadoSIkEI/VrRGSG6qp93rp2WdokiAiNYDfGW5qURAY8GiAQkvMbwNNSDYiVJopqv4gCna7xqf4rrNGp+5AA==",
      "requires": {
        "safe-buffer": "^5.0.1"
      }
    },
    "bs58": {
      "version": "4.0.1",
      "resolved": "https://registry.npmjs.org/bs58/-/bs58-4.0.1.tgz",
      "integrity": "sha1-vhYedsNU9veIrkBx9j806MTwpCo=",
      "requires": {
        "base-x": "^3.0.2"
      }
    },
    "cids": {
      "version": "0.6.0",
      "resolved": "https://registry.npmjs.org/cids/-/cids-0.6.0.tgz",
      "integrity": "sha512-34wuIeiBZOuvBwUuYR4XooVuXUQI2PYU9VmgM2eB3xkSmQYRlv2kh/dIbmGiLY2GuONlGR3lLtYdVkx1G9yXUg==",
      "requires": {
        "class-is": "^1.1.0",
        "multibase": "~0.6.0",
        "multicodec": "~0.5.0",
        "multihashes": "~0.4.14"
      }
    },
    "class-is": {
      "version": "1.1.0",
      "resolved": "https://registry.npmjs.org/class-is/-/class-is-1.1.0.tgz",
      "integrity": "sha512-rhjH9AG1fvabIDoGRVH587413LPjTZgmDF9fOFCbFJQV4yuocX1mHxxvXI4g3cGwbVY9wAYIoKlg1N79frJKQw=="
    },
    "combined-stream": {
      "version": "1.0.7",
      "resolved": "https://registry.npmjs.org/combined-stream/-/combined-stream-1.0.7.tgz",
      "integrity": "sha512-brWl9y6vOB1xYPZcpZde3N9zDByXTosAeMDo4p1wzo6UMOX4vumB+TP1RZ76sfE6Md68Q0NJSrE/gbezd4Ul+w==",
      "requires": {
        "delayed-stream": "~1.0.0"
      }
    },
    "delayed-stream": {
      "version": "1.0.0",
      "resolved": "https://registry.npmjs.org/delayed-stream/-/delayed-stream-1.0.0.tgz",
      "integrity": "sha1-3zrhmayt+31ECqrgsp4icrJOxhk="
    },
    "explain-error": {
      "version": "1.0.4",
      "resolved": "https://registry.npmjs.org/explain-error/-/explain-error-1.0.4.tgz",
      "integrity": "sha1-p5PTrAytTGq1cemWj7urbLJTKSk="
    },
    "filecoin-api-client": {
      "version": "0.2.0",
      "resolved": "https://registry.npmjs.org/filecoin-api-client/-/filecoin-api-client-0.2.0.tgz",
      "integrity": "sha512-js5o/prERvcJ04Wg5EmBFf4gnOhNUxf4hb+vR7jQ+xPs3X6lgdsf3nvoqIHL1svt2dxrJuWDq4n9na2Pon/LnA==",
      "requires": {
        "async-iterator-to-stream": "^1.1.0",
        "cids": "^0.5.8",
        "explain-error": "^1.0.4",
        "form-data": "^2.3.3",
        "is-buffer": "^2.0.3",
        "iterable-ndjson": "^1.1.0",
        "multiaddr": "^6.0.6",
        "multiaddr-to-uri": "^4.0.1",
        "node-fetch": "^2.3.0"
      },
      "dependencies": {
        "cids": {
          "version": "0.5.8",
          "resolved": "https://registry.npmjs.org/cids/-/cids-0.5.8.tgz",
          "integrity": "sha512-Ye8TZP3YQfy0j+i5k+LPHdTY3JOvTwN1pxds44p6BRUv8PTMOAF/Vt4Bc+oiIQ0Sktn0iftkUHgqKNHIMwhshA==",
          "requires": {
            "class-is": "^1.1.0",
            "multibase": "~0.6.0",
            "multicodec": "~0.5.0",
            "multihashes": "~0.4.14"
          }
        }
      }
    },
    "form-data": {
      "version": "2.3.3",
      "resolved": "https://registry.npmjs.org/form-data/-/form-data-2.3.3.tgz",
      "integrity": "sha512-1lLKB2Mu3aGP1Q/2eCOx0fNbRMe7XdwktwOruhfqqd0rIJWwN4Dh+E3hrPSlDCXnSR7UtZ1N38rVXm+6+MEhJQ==",
      "requires": {
        "asynckit": "^0.4.0",
        "combined-stream": "^1.0.6",
        "mime-types": "^2.1.12"
      }
    },
    "graphql": {
      "version": "14.2.1",
      "resolved": "https://registry.npmjs.org/graphql/-/graphql-14.2.1.tgz",
      "integrity": "sha512-2PL1UbvKeSjy/lUeJqHk+eR9CvuErXoCNwJI4jm3oNFEeY+9ELqHNKO1ZuSxAkasPkpWbmT/iMRMFxd3cEL3tQ==",
      "requires": {
        "iterall": "^1.2.2"
      }
    },
    "graphql-relay": {
      "version": "0.6.0",
      "resolved": "https://registry.npmjs.org/graphql-relay/-/graphql-relay-0.6.0.tgz",
      "integrity": "sha512-OVDi6C9/qOT542Q3KxZdXja3NrDvqzbihn1B44PH8P/c5s0Q90RyQwT6guhGqXqbYEH6zbeLJWjQqiYvcg2vVw==",
      "requires": {
        "prettier": "^1.16.0"
      }
    },
    "inherits": {
      "version": "2.0.3",
      "resolved": "https://registry.npmjs.org/inherits/-/inherits-2.0.3.tgz",
      "integrity": "sha1-Yzwsg+PaQqUC9SRmAiSA9CCCYd4="
    },
    "ip": {
      "version": "1.1.5",
      "resolved": "https://registry.npmjs.org/ip/-/ip-1.1.5.tgz",
      "integrity": "sha1-vd7XARQpCCjAoDnnLvJfWq7ENUo="
    },
    "ip-regex": {
      "version": "2.1.0",
      "resolved": "https://registry.npmjs.org/ip-regex/-/ip-regex-2.1.0.tgz",
      "integrity": "sha1-+ni/XS5pE8kRzp+BnuUUa7bYROk="
    },
    "is-buffer": {
      "version": "2.0.3",
      "resolved": "https://registry.npmjs.org/is-buffer/-/is-buffer-2.0.3.tgz",
      "integrity": "sha512-U15Q7MXTuZlrbymiz95PJpZxu8IlipAp4dtS3wOdgPXx3mqBnslrWU14kxfHB+Py/+2PVKSr37dMAgM2A4uArw=="
    },
    "is-ip": {
      "version": "2.0.0",
      "resolved": "https://registry.npmjs.org/is-ip/-/is-ip-2.0.0.tgz",
      "integrity": "sha1-aO6gfooKCpTC0IDdZ0xzGrKkYas=",
      "requires": {
        "ip-regex": "^2.0.0"
      }
    },
    "iterable-ndjson": {
      "version": "1.1.0",
      "resolved": "https://registry.npmjs.org/iterable-ndjson/-/iterable-ndjson-1.1.0.tgz",
      "integrity": "sha512-OOp1Lb0o3k5MkXHx1YaIY5Z0ELosZfTnBaas9f8opJVcZGBIONA2zY/6CYE+LKkqrSDooIneZbrBGgOZnHPkrg==",
      "requires": {
        "string_decoder": "^1.2.0"
      }
    },
    "iterall": {
      "version": "1.2.2",
      "resolved": "https://registry.npmjs.org/iterall/-/iterall-1.2.2.tgz",
      "integrity": "sha512-yynBb1g+RFUPY64fTrFv7nsjRrENBQJaX2UL+2Szc9REFrSNm1rpSXHGzhmAy7a9uv3vlvgBlXnf9RqmPH1/DA=="
    },
    "mime-db": {
      "version": "1.38.0",
      "resolved": "https://registry.npmjs.org/mime-db/-/mime-db-1.38.0.tgz",
      "integrity": "sha512-bqVioMFFzc2awcdJZIzR3HjZFX20QhilVS7hytkKrv7xFAn8bM1gzc/FOX2awLISvWe0PV8ptFKcon+wZ5qYkg=="
    },
    "mime-types": {
      "version": "2.1.22",
      "resolved": "https://registry.npmjs.org/mime-types/-/mime-types-2.1.22.tgz",
      "integrity": "sha512-aGl6TZGnhm/li6F7yx82bJiBZwgiEa4Hf6CNr8YO+r5UHr53tSTYZb102zyU50DOWWKeOv0uQLRL0/9EiKWCog==",
      "requires": {
        "mime-db": "~1.38.0"
      }
    },
    "multiaddr": {
      "version": "6.0.6",
      "resolved": "https://registry.npmjs.org/multiaddr/-/multiaddr-6.0.6.tgz",
      "integrity": "sha512-nR4s91mi7IKed1jrqUj/4OhZ1VKdAjUG79IuVB5PS6b+qxOZLKPW8nsskHhrfGn4o1Rn1NJWl7znidF/NVQpEA==",
      "requires": {
        "bs58": "^4.0.1",
        "class-is": "^1.1.0",
        "ip": "^1.1.5",
        "is-ip": "^2.0.0",
        "varint": "^5.0.0"
      }
    },
    "multiaddr-to-uri": {
      "version": "4.0.1",
      "resolved": "https://registry.npmjs.org/multiaddr-to-uri/-/multiaddr-to-uri-4.0.1.tgz",
      "integrity": "sha512-RVHKm5NXcMWMIhrwF4B4Q34JtMXt1/2wgnDTnKRE+AGAiXfqFika0bIfCsAtLp+gZJOWeDLeT1vR6P0gGyVAtg==",
      "requires": {
        "multiaddr": "^6.0.3"
      }
    },
    "multibase": {
      "version": "0.6.0",
      "resolved": "https://registry.npmjs.org/multibase/-/multibase-0.6.0.tgz",
      "integrity": "sha512-R9bNLQhbD7MsitPm1NeY7w9sDgu6d7cuj25snAWH7k5PSNPSwIQQBpcpj8jx1W96dLbdigZqmUWOdQRMnAmgjA==",
      "requires": {
        "base-x": "3.0.4"
      }
    },
    "multicodec": {
      "version": "0.5.0",
      "resolved": "https://registry.npmjs.org/multicodec/-/multicodec-0.5.0.tgz",
      "integrity": "sha512-lKsJeT4cKeSq0rVEWhO3oSBgDN4sMY1sNZKlvl68g/ZAahjPS1KIVyF4IqhuYmCdtOyKs4Q4hQ6M0C3iqRnuqQ==",
      "requires": {
        "varint": "^5.0.0"
      }
    },
    "multihashes": {
      "version": "0.4.14",
      "resolved": "https://registry.npmjs.org/multihashes/-/multihashes-0.4.14.tgz",
      "integrity": "sha512-V/g/EIN6nALXfS/xHUAgtfPP3mn3sPIF/i9beuGKf25QXS2QZYCpeVJbDPEannkz32B2fihzCe2D/KMrbcmefg==",
      "requires": {
        "bs58": "^4.0.1",
        "varint": "^5.0.0"
      }
    },
    "node-fetch": {
      "version": "2.3.0",
      "resolved": "https://registry.npmjs.org/node-fetch/-/node-fetch-2.3.0.tgz",
      "integrity": "sha512-MOd8pV3fxENbryESLgVIeaGKrdl+uaYhCSSVkjeOb/31/njTpcis5aWfdqgNlHIrKOLRbMnfPINPOML2CIFeXA=="
    },
    "prettier": {
      "version": "1.17.0",
      "resolved": "https://registry.npmjs.org/prettier/-/prettier-1.17.0.tgz",
      "integrity": "sha512-sXe5lSt2WQlCbydGETgfm1YBShgOX4HxQkFPvbxkcwgDvGDeqVau8h+12+lmSVlP3rHPz0oavfddSZg/q+Szjw=="
    },
    "readable-stream": {
      "version": "3.3.0",
      "resolved": "https://registry.npmjs.org/readable-stream/-/readable-stream-3.3.0.tgz",
      "integrity": "sha512-EsI+s3k3XsW+fU8fQACLN59ky34AZ14LoeVZpYwmZvldCFo0r0gnelwF2TcMjLor/BTL5aDJVBMkss0dthToPw==",
      "requires": {
        "inherits": "^2.0.3",
        "string_decoder": "^1.1.1",
        "util-deprecate": "^1.0.1"
      }
    },
    "safe-buffer": {
      "version": "5.1.2",
      "resolved": "https://registry.npmjs.org/safe-buffer/-/safe-buffer-5.1.2.tgz",
      "integrity": "sha512-Gd2UZBJDkXlY7GbJxfsE8/nvKkUEU1G38c1siN6QP6a9PT9MmHB8GnpscSmMJSoF8LOIrt8ud/wPtojys4G6+g=="
    },
    "string_decoder": {
      "version": "1.2.0",
      "resolved": "https://registry.npmjs.org/string_decoder/-/string_decoder-1.2.0.tgz",
      "integrity": "sha512-6YqyX6ZWEYguAxgZzHGL7SsCeGx3V2TtOTqZz1xSTSWnqsbWwbptafNyvf/ACquZUXV3DANr5BDIwNYe1mN42w==",
      "requires": {
        "safe-buffer": "~5.1.0"
      }
    },
    "util-deprecate": {
      "version": "1.0.2",
      "resolved": "https://registry.npmjs.org/util-deprecate/-/util-deprecate-1.0.2.tgz",
      "integrity": "sha1-RQ1Nyfpw3nMnYvvS1KKJgUGaDM8="
    },
    "varint": {
      "version": "5.0.0",
      "resolved": "https://registry.npmjs.org/varint/-/varint-5.0.0.tgz",
      "integrity": "sha1-2Ca4n3SQcy+rwMDtaT7Uddyynr8="
    }
  }
}
